
Microsoft Visual Studio Solution File, Format Version 12.00
# Visual Studio Version 16
VisualStudioVersion = 16.0.28729.10
MinimumVisualStudioVersion = 10.0.40219.1
Project("{9A19103F-16F7-4668-BE54-9A1E7A4F7556}") = "OdeToFood", "OdeToFood\OdeToFood.csproj", "{4787DF41-0309-499E-ACA8-9A88354B6291}"
EndProject
Project("{FAE04EC0-301F-11D3-BF4B-00C04F79EFBC}") = "OdeToFood.Core", "OdeToFood.Core\OdeToFood.Core.csproj", "{0791F600-6316-41F8-93FD-40E4ACEAAA6B}"
EndProject
Project("{FAE04EC0-301F-11D3-BF4B-00C04F79EFBC}") = "OdeToFood.Data", "OdeToFood.Data\OdeToFood.Data.csproj", "{571A660E-C334-4EEC-AC3A-9790750747BD}"
EndProject
Global
	GlobalSection(SolutionConfigurationPlatforms) = preSolution
		Debug|Any CPU = Debug|Any CPU
		Release|Any CPU = Release|Any CPU
	EndGlobalSection
	GlobalSection(ProjectConfigurationPlatforms) = postSolution
		{4787DF41-0309-499E-ACA8-9A88354B6291}.Debug|Any CPU.ActiveCfg = Debug|Any CPU
		{4787DF41-0309-499E-ACA8-9A88354B6291}.Debug|Any CPU.Build.0 = Debug|Any CPU
		{4787DF41-0309-499E-ACA8-9A88354B6291}.Release|Any CPU.ActiveCfg = Release|Any CPU
		{4787DF41-0309-499E-ACA8-9A88354B6291}.Release|Any CPU.Build.0 = Release|Any CPU
		{0791F600-6316-41F8-93FD-40E4ACEAAA6B}.Debug|Any CPU.ActiveCfg = Debug|Any CPU
		{0791F600-6316-41F8-93FD-40E4ACEAAA6B}.Debug|Any CPU.Build.0 = Debug|Any CPU
		{0791F600-6316-41F8-93FD-40E4ACEAAA6B}.Release|Any CPU.ActiveCfg = Release|Any CPU
		{0791F600-6316-41F8-93FD-40E4ACEAAA6B}.Release|Any CPU.Build.0 = Release|Any CPU
		{571A660E-C334-4EEC-AC3A-9790750747BD}.Debug|Any CPU.ActiveCfg = Debug|Any CPU
		{571A660E-C334-4EEC-AC3A-9790750747BD}.Debug|Any CPU.Build.0 = Debug|Any CPU
		{571A660E-C334-4EEC-AC3A-9790750747BD}.Release|Any CPU.ActiveCfg = Release|Any CPU
		{571A660E-C334-4EEC-AC3A-9790750747BD}.Release|Any CPU.Build.0 = Release|Any CPU
	EndGlobalSection
	GlobalSection(SolutionProperties) = preSolution
		HideSolutionNode = FALSE
	EndGlobalSection
	GlobalSection(ExtensibilityGlobals) = postSolution
		SolutionGuid = {E30D62D7-3FE3-402A-A4D3-C470A1DED6D5}
	EndGlobalSection
EndGlobal
